dependencies:
- name: spring-boot-example-app
  repository: http://localhost:8080
  version: 0.0.4
- name: spring-boot-example-app
  repository: http://localhost:8080
  version: 0.0.4
digest: sha256:06c0f8c009ddf8f601ab43dd9c956e5a25e642f9a04211f54bc801ce41629c92
generated: "2022-02-08T14:34:54.264266543+01:00"
